
Microsoft Visual Studio Solution File, Format Version 12.00
# Visual Studio Version 17
VisualStudioVersion = 17.10.35013.160
MinimumVisualStudioVersion = 10.0.40219.1
Project("{8BC9CEB8-8B4A-11D0-8D11-00A0C91BC942}") = "WinAPI", "WinAPI\WinAPI.vcxproj", "{4745899C-B814-4447-BE73-C6C207E1588C}"
EndProject
Project("{8BC9CEB8-8B4A-11D0-8D11-00A0C91BC942}") = "DialogBox", "DialogBox\DialogBox.vcxproj", "{ACDBAE16-58A2-4151-ADCB-8AA78CA8C854}"
EndProject
Project("{8BC9CEB8-8B4A-11D0-8D11-00A0C91BC942}") = "ComboBox", "ComboBox\ComboBox.vcxproj", "{6660D752-4D72-4215-91A1-A56ED21BE4AE}"
EndProject
Project("{8BC9CEB8-8B4A-11D0-8D11-00A0C91BC942}") = "ListBox", "ListBox\ListBox.vcxproj", "{FE0F4112-7829-43BB-8CF3-A81D212BACE2}"
EndProject
Project("{8BC9CEB8-8B4A-11D0-8D11-00A0C91BC942}") = "ListBox1", "ListBox1\ListBox1.vcxproj", "{4CF7A7C9-4F99-40A1-8914-57568E4ECAA0}"
EndProject
Project("{8BC9CEB8-8B4A-11D0-8D11-00A0C91BC942}") = "MainWindow", "MainWindow\MainWindow.vcxproj", "{092AC3AA-90B5-4FF7-865D-F85099D6D29D}"
EndProject
Project("{8BC9CEB8-8B4A-11D0-8D11-00A0C91BC942}") = "Calculator", "Calculator\Calculator.vcxproj", "{39F18F55-A24B-4C6B-9078-0367F58071C0}"
EndProject
Project("{8BC9CEB8-8B4A-11D0-8D11-00A0C91BC942}") = "DLL", "DLL\DLL.vcxproj", "{B842458C-7857-4D4C-BC40-FD9341A87AAF}"
EndProject
Project("{8BC9CEB8-8B4A-11D0-8D11-00A0C91BC942}") = "ResourceOnlyDLL", "ResourceOnlyDLL\ResourceOnlyDLL.vcxproj", "{5AF7CAF2-7369-4D43-94F7-B42DA5621A31}"
EndProject
Project("{8BC9CEB8-8B4A-11D0-8D11-00A0C91BC942}") = "Font Only DLL", "Font only DLL\Font only DLL.vcxproj", "{3384949D-9CA9-45AA-97F0-147042758B1B}"
EndProject
Project("{8BC9CEB8-8B4A-11D0-8D11-00A0C91BC942}") = "IconDLL", "IconDLL\IconDLL.vcxproj", "{845BA468-048A-464C-811F-B821F921C30D}"
EndProject
Global
	GlobalSection(SolutionConfigurationPlatforms) = preSolution
		Debug|x64 = Debug|x64
		Debug|x86 = Debug|x86
		Release|x64 = Release|x64
		Release|x86 = Release|x86
	EndGlobalSection
	GlobalSection(ProjectConfigurationPlatforms) = postSolution
		{4745899C-B814-4447-BE73-C6C207E1588C}.Debug|x64.ActiveCfg = Debug|x64
		{4745899C-B814-4447-BE73-C6C207E1588C}.Debug|x64.Build.0 = Debug|x64
		{4745899C-B814-4447-BE73-C6C207E1588C}.Debug|x86.ActiveCfg = Debug|Win32
		{4745899C-B814-4447-BE73-C6C207E1588C}.Debug|x86.Build.0 = Debug|Win32
		{4745899C-B814-4447-BE73-C6C207E1588C}.Release|x64.ActiveCfg = Release|x64
		{4745899C-B814-4447-BE73-C6C207E1588C}.Release|x64.Build.0 = Release|x64
		{4745899C-B814-4447-BE73-C6C207E1588C}.Release|x86.ActiveCfg = Release|Win32
		{4745899C-B814-4447-BE73-C6C207E1588C}.Release|x86.Build.0 = Release|Win32
		{ACDBAE16-58A2-4151-ADCB-8AA78CA8C854}.Debug|x64.ActiveCfg = Debug|x64
		{ACDBAE16-58A2-4151-ADCB-8AA78CA8C854}.Debug|x64.Build.0 = Debug|x64
		{ACDBAE16-58A2-4151-ADCB-8AA78CA8C854}.Debug|x86.ActiveCfg = Debug|Win32
		{ACDBAE16-58A2-4151-ADCB-8AA78CA8C854}.Debug|x86.Build.0 = Debug|Win32
		{ACDBAE16-58A2-4151-ADCB-8AA78CA8C854}.Release|x64.ActiveCfg = Release|x64
		{ACDBAE16-58A2-4151-ADCB-8AA78CA8C854}.Release|x64.Build.0 = Release|x64
		{ACDBAE16-58A2-4151-ADCB-8AA78CA8C854}.Release|x86.ActiveCfg = Release|Win32
		{ACDBAE16-58A2-4151-ADCB-8AA78CA8C854}.Release|x86.Build.0 = Release|Win32
		{6660D752-4D72-4215-91A1-A56ED21BE4AE}.Debug|x64.ActiveCfg = Debug|x64
		{6660D752-4D72-4215-91A1-A56ED21BE4AE}.Debug|x64.Build.0 = Debug|x64
		{6660D752-4D72-4215-91A1-A56ED21BE4AE}.Debug|x86.ActiveCfg = Debug|Win32
		{6660D752-4D72-4215-91A1-A56ED21BE4AE}.Debug|x86.Build.0 = Debug|Win32
		{6660D752-4D72-4215-91A1-A56ED21BE4AE}.Release|x64.ActiveCfg = Release|x64
		{6660D752-4D72-4215-91A1-A56ED21BE4AE}.Release|x64.Build.0 = Release|x64
		{6660D752-4D72-4215-91A1-A56ED21BE4AE}.Release|x86.ActiveCfg = Release|Win32
		{6660D752-4D72-4215-91A1-A56ED21BE4AE}.Release|x86.Build.0 = Release|Win32
		{FE0F4112-7829-43BB-8CF3-A81D212BACE2}.Debug|x64.ActiveCfg = Debug|x64
		{FE0F4112-7829-43BB-8CF3-A81D212BACE2}.Debug|x64.Build.0 = Debug|x64
		{FE0F4112-7829-43BB-8CF3-A81D212BACE2}.Debug|x86.ActiveCfg = Debug|Win32
		{FE0F4112-7829-43BB-8CF3-A81D212BACE2}.Debug|x86.Build.0 = Debug|Win32
		{FE0F4112-7829-43BB-8CF3-A81D212BACE2}.Release|x64.ActiveCfg = Release|x64
		{FE0F4112-7829-43BB-8CF3-A81D212BACE2}.Release|x64.Build.0 = Release|x64
		{FE0F4112-7829-43BB-8CF3-A81D212BACE2}.Release|x86.ActiveCfg = Release|Win32
		{FE0F4112-7829-43BB-8CF3-A81D212BACE2}.Release|x86.Build.0 = Release|Win32
		{4CF7A7C9-4F99-40A1-8914-57568E4ECAA0}.Debug|x64.ActiveCfg = Debug|x64
		{4CF7A7C9-4F99-40A1-8914-57568E4ECAA0}.Debug|x64.Build.0 = Debug|x64
		{4CF7A7C9-4F99-40A1-8914-57568E4ECAA0}.Debug|x86.ActiveCfg = Debug|Win32
		{4CF7A7C9-4F99-40A1-8914-57568E4ECAA0}.Debug|x86.Build.0 = Debug|Win32
		{4CF7A7C9-4F99-40A1-8914-57568E4ECAA0}.Release|x64.ActiveCfg = Release|x64
		{4CF7A7C9-4F99-40A1-8914-57568E4ECAA0}.Release|x64.Build.0 = Release|x64
		{4CF7A7C9-4F99-40A1-8914-57568E4ECAA0}.Release|x86.ActiveCfg = Release|Win32
		{4CF7A7C9-4F99-40A1-8914-57568E4ECAA0}.Release|x86.Build.0 = Release|Win32
		{092AC3AA-90B5-4FF7-865D-F85099D6D29D}.Debug|x64.ActiveCfg = Debug|x64
		{092AC3AA-90B5-4FF7-865D-F85099D6D29D}.Debug|x64.Build.0 = Debug|x64
		{092AC3AA-90B5-4FF7-865D-F85099D6D29D}.Debug|x86.ActiveCfg = Debug|Win32
		{092AC3AA-90B5-4FF7-865D-F85099D6D29D}.Debug|x86.Build.0 = Debug|Win32
		{092AC3AA-90B5-4FF7-865D-F85099D6D29D}.Release|x64.ActiveCfg = Release|x64
		{092AC3AA-90B5-4FF7-865D-F85099D6D29D}.Release|x64.Build.0 = Release|x64
		{092AC3AA-90B5-4FF7-865D-F85099D6D29D}.Release|x86.ActiveCfg = Release|Win32
		{092AC3AA-90B5-4FF7-865D-F85099D6D29D}.Release|x86.Build.0 = Release|Win32
		{39F18F55-A24B-4C6B-9078-0367F58071C0}.Debug|x64.ActiveCfg = Debug|x64
		{39F18F55-A24B-4C6B-9078-0367F58071C0}.Debug|x64.Build.0 = Debug|x64
		{39F18F55-A24B-4C6B-9078-0367F58071C0}.Debug|x86.ActiveCfg = Debug|Win32
		{39F18F55-A24B-4C6B-9078-0367F58071C0}.Debug|x86.Build.0 = Debug|Win32
		{39F18F55-A24B-4C6B-9078-0367F58071C0}.Release|x64.ActiveCfg = Release|x64
		{39F18F55-A24B-4C6B-9078-0367F58071C0}.Release|x64.Build.0 = Release|x64
		{39F18F55-A24B-4C6B-9078-0367F58071C0}.Release|x86.ActiveCfg = Release|Win32
		{39F18F55-A24B-4C6B-9078-0367F58071C0}.Release|x86.Build.0 = Release|Win32
		{B842458C-7857-4D4C-BC40-FD9341A87AAF}.Debug|x64.ActiveCfg = Debug|x64
		{B842458C-7857-4D4C-BC40-FD9341A87AAF}.Debug|x64.Build.0 = Debug|x64
		{B842458C-7857-4D4C-BC40-FD9341A87AAF}.Debug|x86.ActiveCfg = Debug|Win32
		{B842458C-7857-4D4C-BC40-FD9341A87AAF}.Debug|x86.Build.0 = Debug|Win32
		{B842458C-7857-4D4C-BC40-FD9341A87AAF}.Release|x64.ActiveCfg = Release|x64
		{B842458C-7857-4D4C-BC40-FD9341A87AAF}.Release|x64.Build.0 = Release|x64
		{B842458C-7857-4D4C-BC40-FD9341A87AAF}.Release|x86.ActiveCfg = Release|Win32
		{B842458C-7857-4D4C-BC40-FD9341A87AAF}.Release|x86.Build.0 = Release|Win32
		{5AF7CAF2-7369-4D43-94F7-B42DA5621A31}.Debug|x64.ActiveCfg = Debug|x64
		{5AF7CAF2-7369-4D43-94F7-B42DA5621A31}.Debug|x64.Build.0 = Debug|x64
		{5AF7CAF2-7369-4D43-94F7-B42DA5621A31}.Debug|x86.ActiveCfg = Debug|Win32
		{5AF7CAF2-7369-4D43-94F7-B42DA5621A31}.Debug|x86.Build.0 = Debug|Win32
		{5AF7CAF2-7369-4D43-94F7-B42DA5621A31}.Release|x64.ActiveCfg = Release|x64
		{5AF7CAF2-7369-4D43-94F7-B42DA5621A31}.Release|x64.Build.0 = Release|x64
		{5AF7CAF2-7369-4D43-94F7-B42DA5621A31}.Release|x86.ActiveCfg = Release|Win32
		{5AF7CAF2-7369-4D43-94F7-B42DA5621A31}.Release|x86.Build.0 = Release|Win32
		{3384949D-9CA9-45AA-97F0-147042758B1B}.Debug|x64.ActiveCfg = Debug|x64
		{3384949D-9CA9-45AA-97F0-147042758B1B}.Debug|x64.Build.0 = Debug|x64
		{3384949D-9CA9-45AA-97F0-147042758B1B}.Debug|x86.ActiveCfg = Debug|Win32
		{3384949D-9CA9-45AA-97F0-147042758B1B}.Debug|x86.Build.0 = Debug|Win32
		{3384949D-9CA9-45AA-97F0-147042758B1B}.Release|x64.ActiveCfg = Release|x64
		{3384949D-9CA9-45AA-97F0-147042758B1B}.Release|x64.Build.0 = Release|x64
		{3384949D-9CA9-45AA-97F0-147042758B1B}.Release|x86.ActiveCfg = Release|Win32
		{3384949D-9CA9-45AA-97F0-147042758B1B}.Release|x86.Build.0 = Release|Win32
		{845BA468-048A-464C-811F-B821F921C30D}.Debug|x64.ActiveCfg = Debug|x64
		{845BA468-048A-464C-811F-B821F921C30D}.Debug|x64.Build.0 = Debug|x64
		{845BA468-048A-464C-811F-B821F921C30D}.Debug|x86.ActiveCfg = Debug|Win32
		{845BA468-048A-464C-811F-B821F921C30D}.Debug|x86.Build.0 = Debug|Win32
		{845BA468-048A-464C-811F-B821F921C30D}.Release|x64.ActiveCfg = Release|x64
		{845BA468-048A-464C-811F-B821F921C30D}.Release|x64.Build.0 = Release|x64
		{845BA468-048A-464C-811F-B821F921C30D}.Release|x86.ActiveCfg = Release|Win32
		{845BA468-048A-464C-811F-B821F921C30D}.Release|x86.Build.0 = Release|Win32
	EndGlobalSection
	GlobalSection(SolutionProperties) = preSolution
		HideSolutionNode = FALSE
	EndGlobalSection
	GlobalSection(ExtensibilityGlobals) = postSolution
		SolutionGuid = {5DCA7C08-2840-418D-A31C-BD371C334EB7}
	EndGlobalSection
EndGlobal
